// !$*UTF8*$!
{
	archiveVersion = 1;
	classes = {
	};
	objectVersion = 46;
	objects = {

/* Begin PBXBuildFile section */
		8BDAB1D91A24E3ED000B2110 /* AppDelegate.swift in Sources */ = {isa = PBXBuildFile; fileRef = 8BDAB1D81A24E3ED000B2110 /* AppDelegate.swift */; };
		8BDAB1DB1A24E3ED000B2110 /* ViewController.swift in Sources */ = {isa = PBXBuildFile; fileRef = 8BDAB1DA1A24E3ED000B2110 /* ViewController.swift */; };
		8BDAB1DE1A24E3EE000B2110 /* Main.storyboard in Resources */ = {isa = PBXBuildFile; fileRef = 8BDAB1DC1A24E3EE000B2110 /* Main.storyboard */; };
		8BDAB1E01A24E3EE000B2110 /* Images.xcassets in Resources */ = {isa = PBXBuildFile; fileRef = 8BDAB1DF1A24E3EE000B2110 /* Images.xcassets */; };
		8BDAB1E31A24E3EE000B2110 /* LaunchScreen.xib in Resources */ = {isa = PBXBuildFile; fileRef = 8BDAB1E11A24E3EE000B2110 /* LaunchScreen.xib */; };
		8BDAB1EF1A24E3EE000B2110 /* table_viewsTests.swift in Sources */ = {isa = PBXBuildFile; fileRef = 8BDAB1EE1A24E3EE000B2110 /* table_viewsTests.swift */; };
/* End PBXBuildFile section */

/* Begin PBXContainerItemProxy section */
		8BDAB1E91A24E3EE000B2110 /* PBXContainerItemProxy */ = {
			isa = PBXContainerItemProxy;
			containerPortal = 8BDAB1CB1A24E3ED000B2110 /* Project object */;
			proxyType = 1;
			remoteGlobalIDString = 8BDAB1D21A24E3ED000B2110;
			remoteInfo = table_views;
		};
/* End PBXContainerItemProxy section */

/* Begin PBXFileReference section */
		8BDAB1D31A24E3ED000B2110 /* table_views.app */ = {isa = PBXFileReference; explicitFileType = wrapper.application; includeInIndex = 0; path = table_views.app; sourceTree = BUILT_PRODUCTS_DIR; };
		8BDAB1D71A24E3ED000B2110 /* Info.plist */ = {isa = PBXFileReference; lastKnownFileType = text.plist.xml; path = Info.plist; sourceTree = "<group>"; };
		8BDAB1D81A24E3ED000B2110 /* AppDelegate.swift */ = {isa = PBXFileReference; lastKnownFileType = sourcecode.swift; path = AppDelegate.swift; sourceTree = "<group>"; };
		8BDAB1DA1A24E3ED000B2110 /* ViewController.swift */ = {isa = PBXFileReference; lastKnownFileType = sourcecode.swift; path = ViewController.swift; sourceTree = "<group>"; };
		8BDAB1DD1A24E3EE000B2110 /* Base */ = {isa = PBXFileReference; lastKnownFileType = file.storyboard; name = Base; path = Base.lproj/Main.storyboard; sourceTree = "<group>"; };
		8BDAB1DF1A24E3EE000B2110 /* Images.xcassets */ = {isa = PBXFileReference; lastKnownFileType = folder.assetcatalog; path = Images.xcassets; sourceTree = "<group>"; };
		8BDAB1E21A24E3EE000B2110 /* Base */ = {isa = PBXFileReference; lastKnownFileType = file.xib; name = Base; path = Base.lproj/LaunchScreen.xib; sourceTree = "<group>"; };
		8BDAB1E81A24E3EE000B2110 /* table_viewsTests.xctest */ = {isa = PBXFileReference; explicitFileType = wrapper.cfbundle; includeInIndex = 0; path = table_viewsTests.xctest; sourceTree = BUILT_PRODUCTS_DIR; };
		8BDAB1ED1A24E3EE000B2110 /* Info.plist */ = {isa = PBXFileReference; lastKnownFileType = text.plist.xml; path = Info.plist; sourceTree = "<group>"; };
		8BDAB1EE1A24E3EE000B2110 /* table_viewsTests.swift */ = {isa = PBXFileReference; lastKnownFileType = sourcecode.swift; path = table_viewsTests.swift; sourceTree = "<group>"; };
/* End PBXFileReference section */

/* Begin PBXFrameworksBuildPhase section */
		8BDAB1D01A24E3ED000B2110 /* Frameworks */ = {
			isa = PBXFrameworksBuildPhase;
			buildActionMask = 2147483647;
			files = (
			);
			runOnlyForDeploymentPostprocessing = 0;
		};
		8BDAB1E51A24E3EE000B2110 /* Frameworks */ = {
			isa = PBXFrameworksBuildPhase;
			buildActionMask = 2147483647;
			files = (
			);
			runOnlyForDeploymentPostprocessing = 0;
		};
/* End PBXFrameworksBuildPhase section */

/* Begin PBXGroup section */
		8BDAB1CA1A24E3ED000B2110 = {
			isa = PBXGroup;
			children = (
				8BDAB1D51A24E3ED000B2110 /* table_views */,
				8BDAB1EB1A24E3EE000B2110 /* table_viewsTests */,
				8BDAB1D41A24E3ED000B2110 /* Products */,
			);
			sourceTree = "<group>";
		};
		8BDAB1D41A24E3ED000B2110 /* Products */ = {
			isa = PBXGroup;
			children = (
				8BDAB1D31A24E3ED000B2110 /* table_views.app */,
				8BDAB1E81A24E3EE000B2110 /* table_viewsTests.xctest */,
			);
			name = Products;
			sourceTree = "<group>";
		};
		8BDAB1D51A24E3ED000B2110 /* table_views */ = {
			isa = PBXGroup;
			children = (
				8BDAB1D81A24E3ED000B2110 /* AppDelegate.swift */,
				8BDAB1DA1A24E3ED000B2110 /* ViewController.swift */,
				8BDAB1DC1A24E3EE000B2110 /* Main.storyboard */,
				8BDAB1DF1A24E3EE000B2110 /* Images.xcassets */,
				8BDAB1E11A24E3EE000B2110 /* LaunchScreen.xib */,
				8BDAB1D61A24E3ED000B2110 /* Supporting Files */,
			);
			path = table_views;
			sourceTree = "<group>";
		};
		8BDAB1D61A24E3ED000B2110 /* Supporting Files */ = {
			isa = PBXGroup;
			children = (
				8BDAB1D71A24E3ED000B2110 /* Info.plist */,
			);
			name = "Supporting Files";
			sourceTree = "<group>";
		};
		8BDAB1EB1A24E3EE000B2110 /* table_viewsTests */ = {
			isa = PBXGroup;
			children = (
				8BDAB1EE1A24E3EE000B2110 /* table_viewsTests.swift */,
				8BDAB1EC1A24E3EE000B2110 /* Supporting Files */,
			);
			path = table_viewsTests;
			sourceTree = "<group>";
		};
		8BDAB1EC1A24E3EE000B2110 /* Supporting Files */ = {
			isa = PBXGroup;
			children = (
				8BDAB1ED1A24E3EE000B2110 /* Info.plist */,
			);
			name = "Supporting Files";
			sourceTree = "<group>";
		};
/* End PBXGroup section */

/* Begin PBXNativeTarget section */
		8BDAB1D21A24E3ED000B2110 /* table_views */ = {
			isa = PBXNativeTarget;
			buildConfigurationList = 8BDAB1F21A24E3EE000B2110 /* Build configuration list for PBXNativeTarget "table_views" */;
			buildPhases = (
				8BDAB1CF1A24E3ED000B2110 /* Sources */,
				8BDAB1D01A24E3ED000B2110 /* Frameworks */,
				8BDAB1D11A24E3ED000B2110 /* Resources */,
			);
			buildRules = (
			);
			dependencies = (
			);
			name = table_views;
			productName = table_views;
			productReference = 8BDAB1D31A24E3ED000B2110 /* table_views.app */;
			productType = "com.apple.product-type.application";
		};
		8BDAB1E71A24E3EE000B2110 /* table_viewsTests */ = {
			isa = PBXNativeTarget;
			buildConfigurationList = 8BDAB1F51A24E3EE000B2110 /* Build configuration list for PBXNativeTarget "table_viewsTests" */;
			buildPhases = (
				8BDAB1E41A24E3EE000B2110 /* Sources */,
				8BDAB1E51A24E3EE000B2110 /* Frameworks */,
				8BDAB1E61A24E3EE000B2110 /* Resources */,
			);
			buildRules = (
			);
			dependencies = (
				8BDAB1EA1A24E3EE000B2110 /* PBXTargetDependency */,
			);
			name = table_viewsTests;
			productName = table_viewsTests;
			productReference = 8BDAB1E81A24E3EE000B2110 /* table_viewsTests.xctest */;
			productType = "com.apple.product-type.bundle.unit-test";
		};
/* End PBXNativeTarget section */

/* Begin PBXProject section */
		8BDAB1CB1A24E3ED000B2110 /* Project object */ = {
			isa = PBXProject;
			attributes = {
				LastUpgradeCheck = 0610;
				ORGANIZATIONNAME = Griffappolis;
				TargetAttributes = {
					8BDAB1D21A24E3ED000B2110 = {
						CreatedOnToolsVersion = 6.1;
					};
					8BDAB1E71A24E3EE000B2110 = {
						CreatedOnToolsVersion = 6.1;
						TestTargetID = 8BDAB1D21A24E3ED000B2110;
					};
				};
			};
			buildConfigurationList = 8BDAB1CE1A24E3ED000B2110 /* Build configuration list for PBXProject "table_views" */;
			compatibilityVersion = "Xcode 3.2";
			developmentRegion = English;
			hasScannedForEncodings = 0;
			knownRegions = (
				en,
				Base,
			);
			mainGroup = 8BDAB1CA1A24E3ED000B2110;
			productRefGroup = 8BDAB1D41A24E3ED000B2110 /* Products */;
			projectDirPath = "";
			projectRoot = "";
			targets = (
				8BDAB1D21A24E3ED000B2110 /* table_views */,
				8BDAB1E71A24E3EE000B2110 /* table_viewsTests */,
			);
		};
/* End PBXProject section */

/* Begin PBXResourcesBuildPhase section */
		8BDAB1D11A24E3ED000B2110 /* Resources */ = {
			isa = PBXResourcesBuildPhase;
			buildActionMask = 2147483647;
			files = (
				8BDAB1DE1A24E3EE000B2110 /* Main.storyboard in Resources */,
				8BDAB1E31A24E3EE000B2110 /* LaunchScreen.xib in Resources */,
				8BDAB1E01A24E3EE000B2110 /* Images.xcassets in Resources */,
			);
			runOnlyForDeploymentPostprocessing = 0;
		};
		8BDAB1E61A24E3EE000B2110 /* Resources */ = {
			isa = PBXResourcesBuildPhase;
			buildActionMask = 2147483647;
			files = (
			);
			runOnlyForDeploymentPostprocessing = 0;
		};
/* End PBXResourcesBuildPhase section */

/* Begin PBXSourcesBuildPhase section */
		8BDAB1CF1A24E3ED000B2110 /* Sources */ = {
			isa = PBXSourcesBuildPhase;
			buildActionMask = 2147483647;
			files = (
				8BDAB1DB1A24E3ED000B2110 /* ViewController.swift in Sources */,
				8BDAB1D91A24E3ED000B2110 /* AppDelegate.swift in Sources */,
			);
			runOnlyForDeploymentPostprocessing = 0;
		};
		8BDAB1E41A24E3EE000B2110 /* Sources */ = {
			isa = PBXSourcesBuildPhase;
			buildActionMask = 2147483647;
			files = (
				8BDAB1EF1A24E3EE000B2110 /* table_viewsTests.swift in Sources */,
			);
			runOnlyForDeploymentPostprocessing = 0;
		};
/* End PBXSourcesBuildPhase section */

/* Begin PBXTargetDependency section */
		8BDAB1EA1A24E3EE000B2110 /* PBXTargetDependency */ = {
			isa = PBXTargetDependency;
			target = 8BDAB1D21A24E3ED000B2110 /* table_views */;
			targetProxy = 8BDAB1E91A24E3EE000B2110 /* PBXContainerItemProxy */;
		};
/* End PBXTargetDependency section */

/* Begin PBXVariantGroup section */
		8BDAB1DC1A24E3EE000B2110 /* Main.storyboard */ = {
			isa = PBXVariantGroup;
			children = (
				8BDAB1DD1A24E3EE000B2110 /* Base */,
			);
			name = Main.storyboard;
			sourceTree = "<group>";
		};
		8BDAB1E11A24E3EE000B2110 /* LaunchScreen.xib */ = {
			isa = PBXVariantGroup;
			children = (
				8BDAB1E21A24E3EE000B2110 /* Base */,
			);
			name = LaunchScreen.xib;
			sourceTree = "<group>";
		};
/* End PBXVariantGroup section */

/* Begin XCBuildConfiguration section */
		8BDAB1F01A24E3EE000B2110 /* Debug */ = {
			isa = XCBuildConfiguration;
			buildSettings = {
				ALWAYS_SEARCH_USER_PATHS = NO;
				CLANG_CXX_LANGUAGE_STANDARD = "gnu++0x";
				CLANG_CXX_LIBRARY = "libc++";
				CLANG_ENABLE_MODULES = YES;
				CLANG_ENABLE_OBJC_ARC = YES;
				CLANG_WARN_BOOL_CONVERSION = YES;
				CLANG_WARN_CONSTANT_CONVERSION = YES;
				CLANG_WARN_DIRECT_OBJC_ISA_USAGE = YES_ERROR;
				CLANG_WARN_EMPTY_BODY = YES;
				CLANG_WARN_ENUM_CONVERSION = YES;
				CLANG_WARN_INT_CONVERSION = YES;
				CLANG_WARN_OBJC_ROOT_CLASS = YES_ERROR;
				CLANG_WARN_UNREACHABLE_CODE = YES;
				CLANG_WARN__DUPLICATE_METHOD_MATCH = YES;
				"CODE_SIGN_IDENTITY[sdk=iphoneos*]" = "iPhone Developer";
				COPY_PHASE_STRIP = NO;
				ENABLE_STRICT_OBJC_MSGSEND = YES;
				GCC_C_LANGUAGE_STANDARD = gnu99;
				GCC_DYNAMIC_NO_PIC = NO;
				GCC_OPTIMIZATION_LEVEL = 0;
				GCC_PREPROCESSOR_DEFINITIONS = (
					"DEBUG=1",
					"$(inherited)",
				);
				GCC_SYMBOLS_PRIVATE_EXTERN = NO;
				GCC_WARN_64_TO_32_BIT_CONVERSION = YES;
				GCC_WARN_ABOUT_RETURN_TYPE = YES_ERROR;
				GCC_WARN_UNDECLARED_SELECTOR = YES;
				GCC_WARN_UNINITIALIZED_AUTOS = YES_AGGRESSIVE;
				GCC_WARN_UNUSED_FUNCTION = YES;
				GCC_WARN_UNUSED_VARIABLE = YES;
				IPHONEOS_DEPLOYMENT_TARGET = 8.1;
				MTL_ENABLE_DEBUG_INFO = YES;
				ONLY_ACTIVE_ARCH = YES;
				SDKROOT = iphoneos;
				SWIFT_OPTIMIZATION_LEVEL = "-Onone";
			};
			name = Debug;
		};
		8BDAB1F11A24E3EE000B2110 /* Release */ = {
			isa = XCBuildConfiguration;
			buildSettings = {
				ALWAYS_SEARCH_USER_PATHS = NO;
				CLANG_CXX_LANGUAGE_STANDARD = "gnu++0x";
				CLANG_CXX_LIBRARY = "libc++";
				CLANG_ENABLE_MODULES = YES;
				CLANG_ENABLE_OBJC_ARC = YES;
				CLANG_WARN_BOOL_CONVERSION = YES;
				CLANG_WARN_CONSTANT_CONVERSION = YES;
				CLANG_WARN_DIRECT_OBJC_ISA_USAGE = YES_ERROR;
				CLANG_WARN_EMPTY_BODY = YES;
				CLANG_WARN_ENUM_CONVERSION = YES;
				CLANG_WARN_INT_CONVERSION = YES;
				CLANG_WARN_OBJC_ROOT_CLASS = YES_ERROR;
				CLANG_WARN_UNREACHABLE_CODE = YES;
				CLANG_WARN__DUPLICATE_METHOD_MATCH = YES;
				"CODE_SIGN_IDENTITY[sdk=iphoneos*]" = "iPhone Developer";
				COPY_PHASE_STRIP = YES;
				ENABLE_NS_ASSERTIONS = NO;
				ENABLE_STRICT_OBJC_MSGSEND = YES;
				GCC_C_LANGUAGE_STANDARD = gnu99;
				GCC_WARN_64_TO_32_BIT_CONVERSION = YES;
				GCC_WARN_ABOUT_RETURN_TYPE = YES_ERROR;
				GCC_WARN_UNDECLARED_SELECTOR = YES;
				GCC_WARN_UNINITIALIZED_AUTOS = YES_AGGRESSIVE;
				GCC_WARN_UNUSED_FUNCTION = YES;
				GCC_WARN_UNUSED_VARIABLE = YES;
				IPHONEOS_DEPLOYMENT_TARGET = 8.1;
				MTL_ENABLE_DEBUG_INFO = NO;
				SDKROOT = iphoneos;
				VALIDATE_PRODUCT = YES;
			};
			name = Release;
		};
		8BDAB1F31A24E3EE000B2110 /* Debug */ = {
			isa = XCBuildConfiguration;
			buildSettings = {
				ASSETCATALOG_COMPILER_APPICON_NAME = AppIcon;
				INFOPLIST_FILE = table_views/Info.plist;
				LD_RUNPATH_SEARCH_PATHS = "$(inherited) @executable_path/Frameworks";
				PRODUCT_NAME = "$(TARGET_NAME)";
			};
			name = Debug;
		};
		8BDAB1F41A24E3EE000B2110 /* Release */ = {
			isa = XCBuildConfiguration;
			buildSettings = {
				ASSETCATALOG_COMPILER_APPICON_NAME = AppIcon;
				INFOPLIST_FILE = table_views/Info.plist;
				LD_RUNPATH_SEARCH_PATHS = "$(inherited) @executable_path/Frameworks";
				PRODUCT_NAME = "$(TARGET_NAME)";
			};
			name = Release;
		};
		8BDAB1F61A24E3EE000B2110 /* Debug */ = {
			isa = XCBuildConfiguration;
			buildSettings = {
				BUNDLE_LOADER = "$(TEST_HOST)";
				FRAMEWORK_SEARCH_PATHS = (
					"$(SDKROOT)/Developer/Library/Frameworks",
					"$(inherited)",
				);
				GCC_PREPROCESSOR_DEFINITIONS = (
					"DEBUG=1",
					"$(inherited)",
				);
				INFOPLIST_FILE = table_viewsTests/Info.plist;
				LD_RUNPATH_SEARCH_PATHS = "$(inherited) @executable_path/Frameworks @loader_path/Frameworks";
				PRODUCT_NAME = "$(TARGET_NAME)";
				TEST_HOST = "$(BUILT_PRODUCTS_DIR)/table_views.app/table_views";
			};
			name = Debug;
		};
		8BDAB1F71A24E3EE000B2110 /* Release */ = {
			isa = XCBuildConfiguration;
			buildSettings = {
				BUNDLE_LOADER = "$(TEST_HOST)";
				FRAMEWORK_SEARCH_PATHS = (
					"$(SDKROOT)/Developer/Library/Frameworks",
					"$(inherited)",
				);
				INFOPLIST_FILE = table_viewsTests/Info.plist;
				LD_RUNPATH_SEARCH_PATHS = "$(inherited) @executable_path/Frameworks @loader_path/Frameworks";
				PRODUCT_NAME = "$(TARGET_NAME)";
				TEST_HOST = "$(BUILT_PRODUCTS_DIR)/table_views.app/table_views";
			};
			name = Release;
		};
/* End XCBuildConfiguration section */

/* Begin XCConfigurationList section */
		8BDAB1CE1A24E3ED000B2110 /* Build configuration list for PBXProject "table_views" */ = {
			isa = XCConfigurationList;
			buildConfigurations = (
				8BDAB1F01A24E3EE000B2110 /* Debug */,
				8BDAB1F11A24E3EE000B2110 /* Release */,
			);
			defaultConfigurationIsVisible = 0;
			defaultConfigurationName = Release;
		};
		8BDAB1F21A24E3EE000B2110 /* Build configuration list for PBXNativeTarget "table_views" */ = {
			isa = XCConfigurationList;
			buildConfigurations = (
				8BDAB1F31A24E3EE000B2110 /* Debug */,
				8BDAB1F41A24E3EE000B2110 /* Release */,
			);
			defaultConfigurationIsVisible = 0;
		};
		8BDAB1F51A24E3EE000B2110 /* Build configuration list for PBXNativeTarget "table_viewsTests" */ = {
			isa = XCConfigurationList;
			buildConfigurations = (
				8BDAB1F61A24E3EE000B2110 /* Debug */,
				8BDAB1F71A24E3EE000B2110 /* Release */,
			);
			defaultConfigurationIsVisible = 0;
		};
/* End XCConfigurationList section */
	};
	rootObject = 8BDAB1CB1A24E3ED000B2110 /* Project object */;
}
